
Microsoft Visual Studio Solution File, Format Version 12.00
# Visual Studio 2013
VisualStudioVersion = 12.0.21005.1
MinimumVisualStudioVersion = 10.0.40219.1
Project("{FAE04EC0-301F-11D3-BF4B-00C04F79EFBC}") = "RemotePotatoService", "RemotePotatoService\RemotePotatoService.csproj", "{B2F0AFAE-4E78-475B-8C38-5250329F95FE}"
EndProject
Project("{FAE04EC0-301F-11D3-BF4B-00C04F79EFBC}") = "RPServer", "RPServer\RPServer.csproj", "{95E604D2-883C-4FC7-AD9C-19E87C3D54B1}"
EndProject
Project("{FAE04EC0-301F-11D3-BF4B-00C04F79EFBC}") = "RemotePotatoUI", "RemotePotatoUI\RemotePotatoUI.csproj", "{AEB2E7AD-378C-432C-92F8-A5560051A158}"
EndProject
Project("{FAE04EC0-301F-11D3-BF4B-00C04F79EFBC}") = "RemotePotatoSettings", "RemotePotatoSettings\RemotePotatoSettings.csproj", "{05112BC7-3D0A-43FA-9767-9CF10C1EFD93}"
EndProject
Project("{FAE04EC0-301F-11D3-BF4B-00C04F79EFBC}") = "RPKeySender", "RPKeySender\RPKeySender.csproj", "{E418B95C-8141-435B-B6FD-3DDECDA83F80}"
EndProject
Project("{FAE04EC0-301F-11D3-BF4B-00C04F79EFBC}") = "CommonEPG", "CommonEPG\CommonEPG.csproj", "{B060A3B1-83C4-4785-97F6-E47F3D9E58D2}"
EndProject
Project("{FAE04EC0-301F-11D3-BF4B-00C04F79EFBC}") = "MSEPG", "MCData\MSEPG.csproj", "{C251A09C-54FA-4C15-BE21-AD88DD50C486}"
EndProject
Project("{FAE04EC0-301F-11D3-BF4B-00C04F79EFBC}") = "WTVTranscoder", "WTVTranscoder\WTVTranscoder\WTVTranscoder.csproj", "{78DC7603-2C1F-414F-98B1-A59F5D5D7133}"
EndProject
Project("{FAE04EC0-301F-11D3-BF4B-00C04F79EFBC}") = "ShellUtilities", "ShellUtilities\ShellUtilities\ShellUtilities.csproj", "{D9E56E48-9C52-4B10-9955-ED1FFA354BA4}"
EndProject
Project("{FAE04EC0-301F-11D3-BF4B-00C04F79EFBC}") = "MediaStreamer", "MediaStreamer\MediaStreamer.csproj", "{DFFFA81F-0919-4AE7-BF4D-3A73325B7732}"
EndProject
Project("{54435603-DBB4-11D2-8724-00A0C9A8B90C}") = "RemotePotatoSetup", "RemotePotatoSetup\RemotePotatoSetup.vdproj", "{5BB7F228-F8C5-431F-95F9-2E908052C94F}"
EndProject
Project("{FAE04EC0-301F-11D3-BF4B-00C04F79EFBC}") = "General", "General\General.csproj", "{49758409-A93C-40A5-87D2-E8F72CD13F63}"
EndProject
Project("{FAE04EC0-301F-11D3-BF4B-00C04F79EFBC}") = "LiveTVSetup", "LiveTVSetup\LiveTVSetup\LiveTVSetup.csproj", "{7641E043-2B1C-43DE-ADB3-6C053EBAC5C6}"
EndProject
Project("{FAE04EC0-301F-11D3-BF4B-00C04F79EFBC}") = "SettingsProviderNetForLIveTV", "LiveTVSetup\SettingsProvider.net-master\src\SettingsProviderNet\SettingsProviderNetForLIveTV.csproj", "{024DC2A7-BBFF-4B2C-8995-0081D0E4CB4F}"
EndProject
Global
	GlobalSection(SolutionConfigurationPlatforms) = preSolution
		CD_ROM|Any CPU = CD_ROM|Any CPU
		CD_ROM|Mixed Platforms = CD_ROM|Mixed Platforms
		CD_ROM|x86 = CD_ROM|x86
		CodeAnalysisDebug|Any CPU = CodeAnalysisDebug|Any CPU
		CodeAnalysisDebug|Mixed Platforms = CodeAnalysisDebug|Mixed Platforms
		CodeAnalysisDebug|x86 = CodeAnalysisDebug|x86
		Debug|Any CPU = Debug|Any CPU
		Debug|Mixed Platforms = Debug|Mixed Platforms
		Debug|x86 = Debug|x86
		DVD-5|Any CPU = DVD-5|Any CPU
		DVD-5|Mixed Platforms = DVD-5|Mixed Platforms
		DVD-5|x86 = DVD-5|x86
		Release|Any CPU = Release|Any CPU
		Release|Mixed Platforms = Release|Mixed Platforms
		Release|x86 = Release|x86
		SingleImage|Any CPU = SingleImage|Any CPU
		SingleImage|Mixed Platforms = SingleImage|Mixed Platforms
		SingleImage|x86 = SingleImage|x86
	EndGlobalSection
	GlobalSection(ProjectConfigurationPlatforms) = postSolution
		{B2F0AFAE-4E78-475B-8C38-5250329F95FE}.CD_ROM|Any CPU.ActiveCfg = Release|Any CPU
		{B2F0AFAE-4E78-475B-8C38-5250329F95FE}.CD_ROM|Any CPU.Build.0 = Release|Any CPU
		{B2F0AFAE-4E78-475B-8C38-5250329F95FE}.CD_ROM|Mixed Platforms.ActiveCfg = Release|Any CPU
		{B2F0AFAE-4E78-475B-8C38-5250329F95FE}.CD_ROM|Mixed Platforms.Build.0 = Release|Any CPU
		{B2F0AFAE-4E78-475B-8C38-5250329F95FE}.CD_ROM|x86.ActiveCfg = Release|Any CPU
		{B2F0AFAE-4E78-475B-8C38-5250329F95FE}.CodeAnalysisDebug|Any CPU.ActiveCfg = Debug|Any CPU
		{B2F0AFAE-4E78-475B-8C38-5250329F95FE}.CodeAnalysisDebug|Any CPU.Build.0 = Debug|Any CPU
		{B2F0AFAE-4E78-475B-8C38-5250329F95FE}.CodeAnalysisDebug|Mixed Platforms.ActiveCfg = Debug|Any CPU
		{B2F0AFAE-4E78-475B-8C38-5250329F95FE}.CodeAnalysisDebug|Mixed Platforms.Build.0 = Debug|Any CPU
		{B2F0AFAE-4E78-475B-8C38-5250329F95FE}.CodeAnalysisDebug|x86.ActiveCfg = Debug|Any CPU
		{B2F0AFAE-4E78-475B-8C38-5250329F95FE}.Debug|Any CPU.ActiveCfg = Debug|Any CPU
		{B2F0AFAE-4E78-475B-8C38-5250329F95FE}.Debug|Any CPU.Build.0 = Debug|Any CPU
		{B2F0AFAE-4E78-475B-8C38-5250329F95FE}.Debug|Mixed Platforms.ActiveCfg = Debug|Any CPU
		{B2F0AFAE-4E78-475B-8C38-5250329F95FE}.Debug|Mixed Platforms.Build.0 = Debug|Any CPU
		{B2F0AFAE-4E78-475B-8C38-5250329F95FE}.Debug|x86.ActiveCfg = Debug|Any CPU
		{B2F0AFAE-4E78-475B-8C38-5250329F95FE}.DVD-5|Any CPU.ActiveCfg = Debug|Any CPU
		{B2F0AFAE-4E78-475B-8C38-5250329F95FE}.DVD-5|Any CPU.Build.0 = Debug|Any CPU
		{B2F0AFAE-4E78-475B-8C38-5250329F95FE}.DVD-5|Mixed Platforms.ActiveCfg = Debug|Any CPU
		{B2F0AFAE-4E78-475B-8C38-5250329F95FE}.DVD-5|Mixed Platforms.Build.0 = Debug|Any CPU
		{B2F0AFAE-4E78-475B-8C38-5250329F95FE}.DVD-5|x86.ActiveCfg = Debug|Any CPU
		{B2F0AFAE-4E78-475B-8C38-5250329F95FE}.Release|Any CPU.ActiveCfg = Release|Any CPU
		{B2F0AFAE-4E78-475B-8C38-5250329F95FE}.Release|Any CPU.Build.0 = Release|Any CPU
		{B2F0AFAE-4E78-475B-8C38-5250329F95FE}.Release|Mixed Platforms.ActiveCfg = Release|Any CPU
		{B2F0AFAE-4E78-475B-8C38-5250329F95FE}.Release|Mixed Platforms.Build.0 = Release|Any CPU
		{B2F0AFAE-4E78-475B-8C38-5250329F95FE}.Release|x86.ActiveCfg = Release|Any CPU
		{B2F0AFAE-4E78-475B-8C38-5250329F95FE}.SingleImage|Any CPU.ActiveCfg = Release|Any CPU
		{B2F0AFAE-4E78-475B-8C38-5250329F95FE}.SingleImage|Any CPU.Build.0 = Release|Any CPU
		{B2F0AFAE-4E78-475B-8C38-5250329F95FE}.SingleImage|Mixed Platforms.ActiveCfg = Release|Any CPU
		{B2F0AFAE-4E78-475B-8C38-5250329F95FE}.SingleImage|Mixed Platforms.Build.0 = Release|Any CPU
		{B2F0AFAE-4E78-475B-8C38-5250329F95FE}.SingleImage|x86.ActiveCfg = Release|Any CPU
		{95E604D2-883C-4FC7-AD9C-19E87C3D54B1}.CD_ROM|Any CPU.ActiveCfg = Release|Any CPU
		{95E604D2-883C-4FC7-AD9C-19E87C3D54B1}.CD_ROM|Any CPU.Build.0 = Release|Any CPU
		{95E604D2-883C-4FC7-AD9C-19E87C3D54B1}.CD_ROM|Mixed Platforms.ActiveCfg = Release|Any CPU
		{95E604D2-883C-4FC7-AD9C-19E87C3D54B1}.CD_ROM|Mixed Platforms.Build.0 = Release|Any CPU
		{95E604D2-883C-4FC7-AD9C-19E87C3D54B1}.CD_ROM|x86.ActiveCfg = Release|Any CPU
		{95E604D2-883C-4FC7-AD9C-19E87C3D54B1}.CodeAnalysisDebug|Any CPU.ActiveCfg = Debug|Any CPU
		{95E604D2-883C-4FC7-AD9C-19E87C3D54B1}.CodeAnalysisDebug|Any CPU.Build.0 = Debug|Any CPU
		{95E604D2-883C-4FC7-AD9C-19E87C3D54B1}.CodeAnalysisDebug|Mixed Platforms.ActiveCfg = Debug|Any CPU
		{95E604D2-883C-4FC7-AD9C-19E87C3D54B1}.CodeAnalysisDebug|Mixed Platforms.Build.0 = Debug|Any CPU
		{95E604D2-883C-4FC7-AD9C-19E87C3D54B1}.CodeAnalysisDebug|x86.ActiveCfg = Debug|Any CPU
		{95E604D2-883C-4FC7-AD9C-19E87C3D54B1}.Debug|Any CPU.ActiveCfg = Debug|Any CPU
		{95E604D2-883C-4FC7-AD9C-19E87C3D54B1}.Debug|Any CPU.Build.0 = Debug|Any CPU
		{95E604D2-883C-4FC7-AD9C-19E87C3D54B1}.Debug|Mixed Platforms.ActiveCfg = Debug|Any CPU
		{95E604D2-883C-4FC7-AD9C-19E87C3D54B1}.Debug|Mixed Platforms.Build.0 = Debug|Any CPU
		{95E604D2-883C-4FC7-AD9C-19E87C3D54B1}.Debug|x86.ActiveCfg = Debug|Any CPU
		{95E604D2-883C-4FC7-AD9C-19E87C3D54B1}.DVD-5|Any CPU.ActiveCfg = Debug|Any CPU
		{95E604D2-883C-4FC7-AD9C-19E87C3D54B1}.DVD-5|Any CPU.Build.0 = Debug|Any CPU
		{95E604D2-883C-4FC7-AD9C-19E87C3D54B1}.DVD-5|Mixed Platforms.ActiveCfg = Debug|Any CPU
		{95E604D2-883C-4FC7-AD9C-19E87C3D54B1}.DVD-5|Mixed Platforms.Build.0 = Debug|Any CPU
		{95E604D2-883C-4FC7-AD9C-19E87C3D54B1}.DVD-5|x86.ActiveCfg = Debug|Any CPU
		{95E604D2-883C-4FC7-AD9C-19E87C3D54B1}.Release|Any CPU.ActiveCfg = Release|Any CPU
		{95E604D2-883C-4FC7-AD9C-19E87C3D54B1}.Release|Any CPU.Build.0 = Release|Any CPU
		{95E604D2-883C-4FC7-AD9C-19E87C3D54B1}.Release|Mixed Platforms.ActiveCfg = Release|Any CPU
		{95E604D2-883C-4FC7-AD9C-19E87C3D54B1}.Release|Mixed Platforms.Build.0 = Release|Any CPU
		{95E604D2-883C-4FC7-AD9C-19E87C3D54B1}.Release|x86.ActiveCfg = Release|Any CPU
		{95E604D2-883C-4FC7-AD9C-19E87C3D54B1}.SingleImage|Any CPU.ActiveCfg = Release|Any CPU
		{95E604D2-883C-4FC7-AD9C-19E87C3D54B1}.SingleImage|Any CPU.Build.0 = Release|Any CPU
		{95E604D2-883C-4FC7-AD9C-19E87C3D54B1}.SingleImage|Mixed Platforms.ActiveCfg = Release|Any CPU
		{95E604D2-883C-4FC7-AD9C-19E87C3D54B1}.SingleImage|Mixed Platforms.Build.0 = Release|Any CPU
		{95E604D2-883C-4FC7-AD9C-19E87C3D54B1}.SingleImage|x86.ActiveCfg = Release|Any CPU
		{AEB2E7AD-378C-432C-92F8-A5560051A158}.CD_ROM|Any CPU.ActiveCfg = Release|Any CPU
		{AEB2E7AD-378C-432C-92F8-A5560051A158}.CD_ROM|Any CPU.Build.0 = Release|Any CPU
		{AEB2E7AD-378C-432C-92F8-A5560051A158}.CD_ROM|Mixed Platforms.ActiveCfg = Release|Any CPU
		{AEB2E7AD-378C-432C-92F8-A5560051A158}.CD_ROM|Mixed Platforms.Build.0 = Release|Any CPU
		{AEB2E7AD-378C-432C-92F8-A5560051A158}.CD_ROM|x86.ActiveCfg = Release|Any CPU
		{AEB2E7AD-378C-432C-92F8-A5560051A158}.CodeAnalysisDebug|Any CPU.ActiveCfg = Debug|Any CPU
		{AEB2E7AD-378C-432C-92F8-A5560051A158}.CodeAnalysisDebug|Any CPU.Build.0 = Debug|Any CPU
		{AEB2E7AD-378C-432C-92F8-A5560051A158}.CodeAnalysisDebug|Mixed Platforms.ActiveCfg = Debug|Any CPU
		{AEB2E7AD-378C-432C-92F8-A5560051A158}.CodeAnalysisDebug|Mixed Platforms.Build.0 = Debug|Any CPU
		{AEB2E7AD-378C-432C-92F8-A5560051A158}.CodeAnalysisDebug|x86.ActiveCfg = Debug|Any CPU
		{AEB2E7AD-378C-432C-92F8-A5560051A158}.Debug|Any CPU.ActiveCfg = Debug|Any CPU
		{AEB2E7AD-378C-432C-92F8-A5560051A158}.Debug|Any CPU.Build.0 = Debug|Any CPU
		{AEB2E7AD-378C-432C-92F8-A5560051A158}.Debug|Mixed Platforms.ActiveCfg = Debug|Any CPU
		{AEB2E7AD-378C-432C-92F8-A5560051A158}.Debug|Mixed Platforms.Build.0 = Debug|Any CPU
		{AEB2E7AD-378C-432C-92F8-A5560051A158}.Debug|x86.ActiveCfg = Debug|Any CPU
		{AEB2E7AD-378C-432C-92F8-A5560051A158}.DVD-5|Any CPU.ActiveCfg = Debug|Any CPU
		{AEB2E7AD-378C-432C-92F8-A5560051A158}.DVD-5|Any CPU.Build.0 = Debug|Any CPU
		{AEB2E7AD-378C-432C-92F8-A5560051A158}.DVD-5|Mixed Platforms.ActiveCfg = Debug|Any CPU
		{AEB2E7AD-378C-432C-92F8-A5560051A158}.DVD-5|Mixed Platforms.Build.0 = Debug|Any CPU
		{AEB2E7AD-378C-432C-92F8-A5560051A158}.DVD-5|x86.ActiveCfg = Debug|Any CPU
		{AEB2E7AD-378C-432C-92F8-A5560051A158}.Release|Any CPU.ActiveCfg = Release|Any CPU
		{AEB2E7AD-378C-432C-92F8-A5560051A158}.Release|Any CPU.Build.0 = Release|Any CPU
		{AEB2E7AD-378C-432C-92F8-A5560051A158}.Release|Mixed Platforms.ActiveCfg = Release|Any CPU
		{AEB2E7AD-378C-432C-92F8-A5560051A158}.Release|Mixed Platforms.Build.0 = Release|Any CPU
		{AEB2E7AD-378C-432C-92F8-A5560051A158}.Release|x86.ActiveCfg = Release|Any CPU
		{AEB2E7AD-378C-432C-92F8-A5560051A158}.SingleImage|Any CPU.ActiveCfg = Release|Any CPU
		{AEB2E7AD-378C-432C-92F8-A5560051A158}.SingleImage|Any CPU.Build.0 = Release|Any CPU
		{AEB2E7AD-378C-432C-92F8-A5560051A158}.SingleImage|Mixed Platforms.ActiveCfg = Release|Any CPU
		{AEB2E7AD-378C-432C-92F8-A5560051A158}.SingleImage|Mixed Platforms.Build.0 = Release|Any CPU
		{AEB2E7AD-378C-432C-92F8-A5560051A158}.SingleImage|x86.ActiveCfg = Release|Any CPU
		{05112BC7-3D0A-43FA-9767-9CF10C1EFD93}.CD_ROM|Any CPU.ActiveCfg = Release|Any CPU
		{05112BC7-3D0A-43FA-9767-9CF10C1EFD93}.CD_ROM|Any CPU.Build.0 = Release|Any CPU
		{05112BC7-3D0A-43FA-9767-9CF10C1EFD93}.CD_ROM|Mixed Platforms.ActiveCfg = Release|Any CPU
		{05112BC7-3D0A-43FA-9767-9CF10C1EFD93}.CD_ROM|Mixed Platforms.Build.0 = Release|Any CPU
		{05112BC7-3D0A-43FA-9767-9CF10C1EFD93}.CD_ROM|x86.ActiveCfg = Release|Any CPU
		{05112BC7-3D0A-43FA-9767-9CF10C1EFD93}.CodeAnalysisDebug|Any CPU.ActiveCfg = Debug|Any CPU
		{05112BC7-3D0A-43FA-9767-9CF10C1EFD93}.CodeAnalysisDebug|Any CPU.Build.0 = Debug|Any CPU
		{05112BC7-3D0A-43FA-9767-9CF10C1EFD93}.CodeAnalysisDebug|Mixed Platforms.ActiveCfg = Debug|Any CPU
		{05112BC7-3D0A-43FA-9767-9CF10C1EFD93}.CodeAnalysisDebug|Mixed Platforms.Build.0 = Debug|Any CPU
		{05112BC7-3D0A-43FA-9767-9CF10C1EFD93}.CodeAnalysisDebug|x86.ActiveCfg = Debug|Any CPU
		{05112BC7-3D0A-43FA-9767-9CF10C1EFD93}.Debug|Any CPU.ActiveCfg = Debug|Any CPU
		{05112BC7-3D0A-43FA-9767-9CF10C1EFD93}.Debug|Any CPU.Build.0 = Debug|Any CPU
		{05112BC7-3D0A-43FA-9767-9CF10C1EFD93}.Debug|Mixed Platforms.ActiveCfg = Debug|Any CPU
		{05112BC7-3D0A-43FA-9767-9CF10C1EFD93}.Debug|Mixed Platforms.Build.0 = Debug|Any CPU
		{05112BC7-3D0A-43FA-9767-9CF10C1EFD93}.Debug|x86.ActiveCfg = Debug|Any CPU
		{05112BC7-3D0A-43FA-9767-9CF10C1EFD93}.DVD-5|Any CPU.ActiveCfg = Debug|Any CPU
		{05112BC7-3D0A-43FA-9767-9CF10C1EFD93}.DVD-5|Any CPU.Build.0 = Debug|Any CPU
		{05112BC7-3D0A-43FA-9767-9CF10C1EFD93}.DVD-5|Mixed Platforms.ActiveCfg = Debug|Any CPU
		{05112BC7-3D0A-43FA-9767-9CF10C1EFD93}.DVD-5|Mixed Platforms.Build.0 = Debug|Any CPU
		{05112BC7-3D0A-43FA-9767-9CF10C1EFD93}.DVD-5|x86.ActiveCfg = Debug|Any CPU
		{05112BC7-3D0A-43FA-9767-9CF10C1EFD93}.Release|Any CPU.ActiveCfg = Release|Any CPU
		{05112BC7-3D0A-43FA-9767-9CF10C1EFD93}.Release|Any CPU.Build.0 = Release|Any CPU
		{05112BC7-3D0A-43FA-9767-9CF10C1EFD93}.Release|Mixed Platforms.ActiveCfg = Release|Any CPU
		{05112BC7-3D0A-43FA-9767-9CF10C1EFD93}.Release|Mixed Platforms.Build.0 = Release|Any CPU
		{05112BC7-3D0A-43FA-9767-9CF10C1EFD93}.Release|x86.ActiveCfg = Release|Any CPU
		{05112BC7-3D0A-43FA-9767-9CF10C1EFD93}.SingleImage|Any CPU.ActiveCfg = Release|Any CPU
		{05112BC7-3D0A-43FA-9767-9CF10C1EFD93}.SingleImage|Any CPU.Build.0 = Release|Any CPU
		{05112BC7-3D0A-43FA-9767-9CF10C1EFD93}.SingleImage|Mixed Platforms.ActiveCfg = Release|Any CPU
		{05112BC7-3D0A-43FA-9767-9CF10C1EFD93}.SingleImage|Mixed Platforms.Build.0 = Release|Any CPU
		{05112BC7-3D0A-43FA-9767-9CF10C1EFD93}.SingleImage|x86.ActiveCfg = Release|Any CPU
		{E418B95C-8141-435B-B6FD-3DDECDA83F80}.CD_ROM|Any CPU.ActiveCfg = Release|x86
		{E418B95C-8141-435B-B6FD-3DDECDA83F80}.CD_ROM|Mixed Platforms.ActiveCfg = Release|x86
		{E418B95C-8141-435B-B6FD-3DDECDA83F80}.CD_ROM|Mixed Platforms.Build.0 = Release|x86
		{E418B95C-8141-435B-B6FD-3DDECDA83F80}.CD_ROM|x86.ActiveCfg = Release|x86
		{E418B95C-8141-435B-B6FD-3DDECDA83F80}.CD_ROM|x86.Build.0 = Release|x86
		{E418B95C-8141-435B-B6FD-3DDECDA83F80}.CodeAnalysisDebug|Any CPU.ActiveCfg = Debug|x86
		{E418B95C-8141-435B-B6FD-3DDECDA83F80}.CodeAnalysisDebug|Mixed Platforms.ActiveCfg = Debug|x86
		{E418B95C-8141-435B-B6FD-3DDECDA83F80}.CodeAnalysisDebug|Mixed Platforms.Build.0 = Debug|x86
		{E418B95C-8141-435B-B6FD-3DDECDA83F80}.CodeAnalysisDebug|x86.ActiveCfg = Debug|x86
		{E418B95C-8141-435B-B6FD-3DDECDA83F80}.CodeAnalysisDebug|x86.Build.0 = Debug|x86
		{E418B95C-8141-435B-B6FD-3DDECDA83F80}.Debug|Any CPU.ActiveCfg = Debug|x86
		{E418B95C-8141-435B-B6FD-3DDECDA83F80}.Debug|Mixed Platforms.ActiveCfg = Debug|x86
		{E418B95C-8141-435B-B6FD-3DDECDA83F80}.Debug|Mixed Platforms.Build.0 = Debug|x86
		{E418B95C-8141-435B-B6FD-3DDECDA83F80}.Debug|x86.ActiveCfg = Debug|x86
		{E418B95C-8141-435B-B6FD-3DDECDA83F80}.Debug|x86.Build.0 = Debug|x86
		{E418B95C-8141-435B-B6FD-3DDECDA83F80}.DVD-5|Any CPU.ActiveCfg = Debug|x86
		{E418B95C-8141-435B-B6FD-3DDECDA83F80}.DVD-5|Mixed Platforms.ActiveCfg = Debug|x86
		{E418B95C-8141-435B-B6FD-3DDECDA83F80}.DVD-5|Mixed Platforms.Build.0 = Debug|x86
		{E418B95C-8141-435B-B6FD-3DDECDA83F80}.DVD-5|x86.ActiveCfg = Debug|x86
		{E418B95C-8141-435B-B6FD-3DDECDA83F80}.DVD-5|x86.Build.0 = Debug|x86
		{E418B95C-8141-435B-B6FD-3DDECDA83F80}.Release|Any CPU.ActiveCfg = Release|x86
		{E418B95C-8141-435B-B6FD-3DDECDA83F80}.Release|Mixed Platforms.ActiveCfg = Release|x86
		{E418B95C-8141-435B-B6FD-3DDECDA83F80}.Release|Mixed Platforms.Build.0 = Release|x86
		{E418B95C-8141-435B-B6FD-3DDECDA83F80}.Release|x86.ActiveCfg = Release|x86
		{E418B95C-8141-435B-B6FD-3DDECDA83F80}.Release|x86.Build.0 = Release|x86
		{E418B95C-8141-435B-B6FD-3DDECDA83F80}.SingleImage|Any CPU.ActiveCfg = Release|x86
		{E418B95C-8141-435B-B6FD-3DDECDA83F80}.SingleImage|Mixed Platforms.ActiveCfg = Release|x86
		{E418B95C-8141-435B-B6FD-3DDECDA83F80}.SingleImage|Mixed Platforms.Build.0 = Release|x86
		{E418B95C-8141-435B-B6FD-3DDECDA83F80}.SingleImage|x86.ActiveCfg = Release|x86
		{E418B95C-8141-435B-B6FD-3DDECDA83F80}.SingleImage|x86.Build.0 = Release|x86
		{B060A3B1-83C4-4785-97F6-E47F3D9E58D2}.CD_ROM|Any CPU.ActiveCfg = Release|Any CPU
		{B060A3B1-83C4-4785-97F6-E47F3D9E58D2}.CD_ROM|Any CPU.Build.0 = Release|Any CPU
		{B060A3B1-83C4-4785-97F6-E47F3D9E58D2}.CD_ROM|Mixed Platforms.ActiveCfg = Release|Any CPU
		{B060A3B1-83C4-4785-97F6-E47F3D9E58D2}.CD_ROM|Mixed Platforms.Build.0 = Release|Any CPU
		{B060A3B1-83C4-4785-97F6-E47F3D9E58D2}.CD_ROM|x86.ActiveCfg = Release|Any CPU
		{B060A3B1-83C4-4785-97F6-E47F3D9E58D2}.CodeAnalysisDebug|Any CPU.ActiveCfg = Debug|Any CPU
		{B060A3B1-83C4-4785-97F6-E47F3D9E58D2}.CodeAnalysisDebug|Any CPU.Build.0 = Debug|Any CPU
		{B060A3B1-83C4-4785-97F6-E47F3D9E58D2}.CodeAnalysisDebug|Mixed Platforms.ActiveCfg = Debug|Any CPU
		{B060A3B1-83C4-4785-97F6-E47F3D9E58D2}.CodeAnalysisDebug|Mixed Platforms.Build.0 = Debug|Any CPU
		{B060A3B1-83C4-4785-97F6-E47F3D9E58D2}.CodeAnalysisDebug|x86.ActiveCfg = Debug|Any CPU
		{B060A3B1-83C4-4785-97F6-E47F3D9E58D2}.Debug|Any CPU.ActiveCfg = Debug|Any CPU
		{B060A3B1-83C4-4785-97F6-E47F3D9E58D2}.Debug|Any CPU.Build.0 = Debug|Any CPU
		{B060A3B1-83C4-4785-97F6-E47F3D9E58D2}.Debug|Mixed Platforms.ActiveCfg = Debug|Any CPU
		{B060A3B1-83C4-4785-97F6-E47F3D9E58D2}.Debug|Mixed Platforms.Build.0 = Debug|Any CPU
		{B060A3B1-83C4-4785-97F6-E47F3D9E58D2}.Debug|x86.ActiveCfg = Debug|Any CPU
		{B060A3B1-83C4-4785-97F6-E47F3D9E58D2}.DVD-5|Any CPU.ActiveCfg = Debug|Any CPU
		{B060A3B1-83C4-4785-97F6-E47F3D9E58D2}.DVD-5|Any CPU.Build.0 = Debug|Any CPU
		{B060A3B1-83C4-4785-97F6-E47F3D9E58D2}.DVD-5|Mixed Platforms.ActiveCfg = Debug|Any CPU
		{B060A3B1-83C4-4785-97F6-E47F3D9E58D2}.DVD-5|Mixed Platforms.Build.0 = Debug|Any CPU
		{B060A3B1-83C4-4785-97F6-E47F3D9E58D2}.DVD-5|x86.ActiveCfg = Debug|Any CPU
		{B060A3B1-83C4-4785-97F6-E47F3D9E58D2}.Release|Any CPU.ActiveCfg = Release|Any CPU
		{B060A3B1-83C4-4785-97F6-E47F3D9E58D2}.Release|Any CPU.Build.0 = Release|Any CPU
		{B060A3B1-83C4-4785-97F6-E47F3D9E58D2}.Release|Mixed Platforms.ActiveCfg = Release|Any CPU
		{B060A3B1-83C4-4785-97F6-E47F3D9E58D2}.Release|Mixed Platforms.Build.0 = Release|Any CPU
		{B060A3B1-83C4-4785-97F6-E47F3D9E58D2}.Release|x86.ActiveCfg = Release|Any CPU
		{B060A3B1-83C4-4785-97F6-E47F3D9E58D2}.SingleImage|Any CPU.ActiveCfg = Release|Any CPU
		{B060A3B1-83C4-4785-97F6-E47F3D9E58D2}.SingleImage|Any CPU.Build.0 = Release|Any CPU
		{B060A3B1-83C4-4785-97F6-E47F3D9E58D2}.SingleImage|Mixed Platforms.ActiveCfg = Release|Any CPU
		{B060A3B1-83C4-4785-97F6-E47F3D9E58D2}.SingleImage|Mixed Platforms.Build.0 = Release|Any CPU
		{B060A3B1-83C4-4785-97F6-E47F3D9E58D2}.SingleImage|x86.ActiveCfg = Release|Any CPU
		{C251A09C-54FA-4C15-BE21-AD88DD50C486}.CD_ROM|Any CPU.ActiveCfg = Release|Any CPU
		{C251A09C-54FA-4C15-BE21-AD88DD50C486}.CD_ROM|Any CPU.Build.0 = Release|Any CPU
		{C251A09C-54FA-4C15-BE21-AD88DD50C486}.CD_ROM|Mixed Platforms.ActiveCfg = Release|Any CPU
		{C251A09C-54FA-4C15-BE21-AD88DD50C486}.CD_ROM|Mixed Platforms.Build.0 = Release|Any CPU
		{C251A09C-54FA-4C15-BE21-AD88DD50C486}.CD_ROM|x86.ActiveCfg = Release|Any CPU
		{C251A09C-54FA-4C15-BE21-AD88DD50C486}.CodeAnalysisDebug|Any CPU.ActiveCfg = Debug|Any CPU
		{C251A09C-54FA-4C15-BE21-AD88DD50C486}.CodeAnalysisDebug|Any CPU.Build.0 = Debug|Any CPU
		{C251A09C-54FA-4C15-BE21-AD88DD50C486}.CodeAnalysisDebug|Mixed Platforms.ActiveCfg = Debug|Any CPU
		{C251A09C-54FA-4C15-BE21-AD88DD50C486}.CodeAnalysisDebug|Mixed Platforms.Build.0 = Debug|Any CPU
		{C251A09C-54FA-4C15-BE21-AD88DD50C486}.CodeAnalysisDebug|x86.ActiveCfg = Debug|Any CPU
		{C251A09C-54FA-4C15-BE21-AD88DD50C486}.Debug|Any CPU.ActiveCfg = Debug|Any CPU
		{C251A09C-54FA-4C15-BE21-AD88DD50C486}.Debug|Any CPU.Build.0 = Debug|Any CPU
		{C251A09C-54FA-4C15-BE21-AD88DD50C486}.Debug|Mixed Platforms.ActiveCfg = Debug|Any CPU
		{C251A09C-54FA-4C15-BE21-AD88DD50C486}.Debug|Mixed Platforms.Build.0 = Debug|Any CPU
		{C251A09C-54FA-4C15-BE21-AD88DD50C486}.Debug|x86.ActiveCfg = Debug|Any CPU
		{C251A09C-54FA-4C15-BE21-AD88DD50C486}.DVD-5|Any CPU.ActiveCfg = Debug|Any CPU
		{C251A09C-54FA-4C15-BE21-AD88DD50C486}.DVD-5|Any CPU.Build.0 = Debug|Any CPU
		{C251A09C-54FA-4C15-BE21-AD88DD50C486}.DVD-5|Mixed Platforms.ActiveCfg = Debug|Any CPU
		{C251A09C-54FA-4C15-BE21-AD88DD50C486}.DVD-5|Mixed Platforms.Build.0 = Debug|Any CPU
		{C251A09C-54FA-4C15-BE21-AD88DD50C486}.DVD-5|x86.ActiveCfg = Debug|Any CPU
		{C251A09C-54FA-4C15-BE21-AD88DD50C486}.Release|Any CPU.ActiveCfg = Release|Any CPU
		{C251A09C-54FA-4C15-BE21-AD88DD50C486}.Release|Any CPU.Build.0 = Release|Any CPU
		{C251A09C-54FA-4C15-BE21-AD88DD50C486}.Release|Mixed Platforms.ActiveCfg = Release|Any CPU
		{C251A09C-54FA-4C15-BE21-AD88DD50C486}.Release|Mixed Platforms.Build.0 = Release|Any CPU
		{C251A09C-54FA-4C15-BE21-AD88DD50C486}.Release|x86.ActiveCfg = Release|Any CPU
		{C251A09C-54FA-4C15-BE21-AD88DD50C486}.SingleImage|Any CPU.ActiveCfg = Release|Any CPU
		{C251A09C-54FA-4C15-BE21-AD88DD50C486}.SingleImage|Any CPU.Build.0 = Release|Any CPU
		{C251A09C-54FA-4C15-BE21-AD88DD50C486}.SingleImage|Mixed Platforms.ActiveCfg = Release|Any CPU
		{C251A09C-54FA-4C15-BE21-AD88DD50C486}.SingleImage|Mixed Platforms.Build.0 = Release|Any CPU
		{C251A09C-54FA-4C15-BE21-AD88DD50C486}.SingleImage|x86.ActiveCfg = Release|Any CPU
		{78DC7603-2C1F-414F-98B1-A59F5D5D7133}.CD_ROM|Any CPU.ActiveCfg = Release|Any CPU
		{78DC7603-2C1F-414F-98B1-A59F5D5D7133}.CD_ROM|Any CPU.Build.0 = Release|Any CPU
		{78DC7603-2C1F-414F-98B1-A59F5D5D7133}.CD_ROM|Mixed Platforms.ActiveCfg = Release|Any CPU
		{78DC7603-2C1F-414F-98B1-A59F5D5D7133}.CD_ROM|Mixed Platforms.Build.0 = Release|Any CPU
		{78DC7603-2C1F-414F-98B1-A59F5D5D7133}.CD_ROM|x86.ActiveCfg = Release|Any CPU
		{78DC7603-2C1F-414F-98B1-A59F5D5D7133}.CodeAnalysisDebug|Any CPU.ActiveCfg = Debug|Any CPU
		{78DC7603-2C1F-414F-98B1-A59F5D5D7133}.CodeAnalysisDebug|Any CPU.Build.0 = Debug|Any CPU
		{78DC7603-2C1F-414F-98B1-A59F5D5D7133}.CodeAnalysisDebug|Mixed Platforms.ActiveCfg = Debug|Any CPU
		{78DC7603-2C1F-414F-98B1-A59F5D5D7133}.CodeAnalysisDebug|Mixed Platforms.Build.0 = Debug|Any CPU
		{78DC7603-2C1F-414F-98B1-A59F5D5D7133}.CodeAnalysisDebug|x86.ActiveCfg = Debug|Any CPU
		{78DC7603-2C1F-414F-98B1-A59F5D5D7133}.Debug|Any CPU.ActiveCfg = Debug|Any CPU
		{78DC7603-2C1F-414F-98B1-A59F5D5D7133}.Debug|Any CPU.Build.0 = Debug|Any CPU
		{78DC7603-2C1F-414F-98B1-A59F5D5D7133}.Debug|Mixed Platforms.ActiveCfg = Debug|Any CPU
		{78DC7603-2C1F-414F-98B1-A59F5D5D7133}.Debug|Mixed Platforms.Build.0 = Debug|Any CPU
		{78DC7603-2C1F-414F-98B1-A59F5D5D7133}.Debug|x86.ActiveCfg = Debug|Any CPU
		{78DC7603-2C1F-414F-98B1-A59F5D5D7133}.DVD-5|Any CPU.ActiveCfg = Debug|Any CPU
		{78DC7603-2C1F-414F-98B1-A59F5D5D7133}.DVD-5|Any CPU.Build.0 = Debug|Any CPU
		{78DC7603-2C1F-414F-98B1-A59F5D5D7133}.DVD-5|Mixed Platforms.ActiveCfg = Debug|Any CPU
		{78DC7603-2C1F-414F-98B1-A59F5D5D7133}.DVD-5|Mixed Platforms.Build.0 = Debug|Any CPU
		{78DC7603-2C1F-414F-98B1-A59F5D5D7133}.DVD-5|x86.ActiveCfg = Debug|Any CPU
		{78DC7603-2C1F-414F-98B1-A59F5D5D7133}.Release|Any CPU.ActiveCfg = Release|Any CPU
		{78DC7603-2C1F-414F-98B1-A59F5D5D7133}.Release|Any CPU.Build.0 = Release|Any CPU
		{78DC7603-2C1F-414F-98B1-A59F5D5D7133}.Release|Mixed Platforms.ActiveCfg = Release|Any CPU
		{78DC7603-2C1F-414F-98B1-A59F5D5D7133}.Release|Mixed Platforms.Build.0 = Release|Any CPU
		{78DC7603-2C1F-414F-98B1-A59F5D5D7133}.Release|x86.ActiveCfg = Release|Any CPU
		{78DC7603-2C1F-414F-98B1-A59F5D5D7133}.SingleImage|Any CPU.ActiveCfg = Release|Any CPU
		{78DC7603-2C1F-414F-98B1-A59F5D5D7133}.SingleImage|Any CPU.Build.0 = Release|Any CPU
		{78DC7603-2C1F-414F-98B1-A59F5D5D7133}.SingleImage|Mixed Platforms.ActiveCfg = Release|Any CPU
		{78DC7603-2C1F-414F-98B1-A59F5D5D7133}.SingleImage|Mixed Platforms.Build.0 = Release|Any CPU
		{78DC7603-2C1F-414F-98B1-A59F5D5D7133}.SingleImage|x86.ActiveCfg = Release|Any CPU
		{D9E56E48-9C52-4B10-9955-ED1FFA354BA4}.CD_ROM|Any CPU.ActiveCfg = Release|Any CPU
		{D9E56E48-9C52-4B10-9955-ED1FFA354BA4}.CD_ROM|Any CPU.Build.0 = Release|Any CPU
		{D9E56E48-9C52-4B10-9955-ED1FFA354BA4}.CD_ROM|Mixed Platforms.ActiveCfg = Release|Any CPU
		{D9E56E48-9C52-4B10-9955-ED1FFA354BA4}.CD_ROM|Mixed Platforms.Build.0 = Release|Any CPU
		{D9E56E48-9C52-4B10-9955-ED1FFA354BA4}.CD_ROM|x86.ActiveCfg = Release|Any CPU
		{D9E56E48-9C52-4B10-9955-ED1FFA354BA4}.CodeAnalysisDebug|Any CPU.ActiveCfg = Debug|Any CPU
		{D9E56E48-9C52-4B10-9955-ED1FFA354BA4}.CodeAnalysisDebug|Any CPU.Build.0 = Debug|Any CPU
		{D9E56E48-9C52-4B10-9955-ED1FFA354BA4}.CodeAnalysisDebug|Mixed Platforms.ActiveCfg = Debug|Any CPU
		{D9E56E48-9C52-4B10-9955-ED1FFA354BA4}.CodeAnalysisDebug|Mixed Platforms.Build.0 = Debug|Any CPU
		{D9E56E48-9C52-4B10-9955-ED1FFA354BA4}.CodeAnalysisDebug|x86.ActiveCfg = Debug|Any CPU
		{D9E56E48-9C52-4B10-9955-ED1FFA354BA4}.Debug|Any CPU.ActiveCfg = Debug|Any CPU
		{D9E56E48-9C52-4B10-9955-ED1FFA354BA4}.Debug|Any CPU.Build.0 = Debug|Any CPU
		{D9E56E48-9C52-4B10-9955-ED1FFA354BA4}.Debug|Mixed Platforms.ActiveCfg = Debug|Any CPU
		{D9E56E48-9C52-4B10-9955-ED1FFA354BA4}.Debug|Mixed Platforms.Build.0 = Debug|Any CPU
		{D9E56E48-9C52-4B10-9955-ED1FFA354BA4}.Debug|x86.ActiveCfg = Debug|Any CPU
		{D9E56E48-9C52-4B10-9955-ED1FFA354BA4}.DVD-5|Any CPU.ActiveCfg = Debug|Any CPU
		{D9E56E48-9C52-4B10-9955-ED1FFA354BA4}.DVD-5|Any CPU.Build.0 = Debug|Any CPU
		{D9E56E48-9C52-4B10-9955-ED1FFA354BA4}.DVD-5|Mixed Platforms.ActiveCfg = Debug|Any CPU
		{D9E56E48-9C52-4B10-9955-ED1FFA354BA4}.DVD-5|Mixed Platforms.Build.0 = Debug|Any CPU
		{D9E56E48-9C52-4B10-9955-ED1FFA354BA4}.DVD-5|x86.ActiveCfg = Debug|Any CPU
		{D9E56E48-9C52-4B10-9955-ED1FFA354BA4}.Release|Any CPU.ActiveCfg = Release|Any CPU
		{D9E56E48-9C52-4B10-9955-ED1FFA354BA4}.Release|Any CPU.Build.0 = Release|Any CPU
		{D9E56E48-9C52-4B10-9955-ED1FFA354BA4}.Release|Mixed Platforms.ActiveCfg = Release|Any CPU
		{D9E56E48-9C52-4B10-9955-ED1FFA354BA4}.Release|Mixed Platforms.Build.0 = Release|Any CPU
		{D9E56E48-9C52-4B10-9955-ED1FFA354BA4}.Release|x86.ActiveCfg = Release|Any CPU
		{D9E56E48-9C52-4B10-9955-ED1FFA354BA4}.SingleImage|Any CPU.ActiveCfg = Release|Any CPU
		{D9E56E48-9C52-4B10-9955-ED1FFA354BA4}.SingleImage|Any CPU.Build.0 = Release|Any CPU
		{D9E56E48-9C52-4B10-9955-ED1FFA354BA4}.SingleImage|Mixed Platforms.ActiveCfg = Release|Any CPU
		{D9E56E48-9C52-4B10-9955-ED1FFA354BA4}.SingleImage|Mixed Platforms.Build.0 = Release|Any CPU
		{D9E56E48-9C52-4B10-9955-ED1FFA354BA4}.SingleImage|x86.ActiveCfg = Release|Any CPU
		{DFFFA81F-0919-4AE7-BF4D-3A73325B7732}.CD_ROM|Any CPU.ActiveCfg = Release|Any CPU
		{DFFFA81F-0919-4AE7-BF4D-3A73325B7732}.CD_ROM|Any CPU.Build.0 = Release|Any CPU
		{DFFFA81F-0919-4AE7-BF4D-3A73325B7732}.CD_ROM|Mixed Platforms.ActiveCfg = Release|Any CPU
		{DFFFA81F-0919-4AE7-BF4D-3A73325B7732}.CD_ROM|Mixed Platforms.Build.0 = Release|Any CPU
		{DFFFA81F-0919-4AE7-BF4D-3A73325B7732}.CD_ROM|x86.ActiveCfg = Release|Any CPU
		{DFFFA81F-0919-4AE7-BF4D-3A73325B7732}.CodeAnalysisDebug|Any CPU.ActiveCfg = Debug|Any CPU
		{DFFFA81F-0919-4AE7-BF4D-3A73325B7732}.CodeAnalysisDebug|Any CPU.Build.0 = Debug|Any CPU
		{DFFFA81F-0919-4AE7-BF4D-3A73325B7732}.CodeAnalysisDebug|Mixed Platforms.ActiveCfg = Debug|Any CPU
		{DFFFA81F-0919-4AE7-BF4D-3A73325B7732}.CodeAnalysisDebug|Mixed Platforms.Build.0 = Debug|Any CPU
		{DFFFA81F-0919-4AE7-BF4D-3A73325B7732}.CodeAnalysisDebug|x86.ActiveCfg = Debug|Any CPU
		{DFFFA81F-0919-4AE7-BF4D-3A73325B7732}.Debug|Any CPU.ActiveCfg = Debug|Any CPU
		{DFFFA81F-0919-4AE7-BF4D-3A73325B7732}.Debug|Any CPU.Build.0 = Debug|Any CPU
		{DFFFA81F-0919-4AE7-BF4D-3A73325B7732}.Debug|Mixed Platforms.ActiveCfg = Debug|Any CPU
		{DFFFA81F-0919-4AE7-BF4D-3A73325B7732}.Debug|Mixed Platforms.Build.0 = Debug|Any CPU
		{DFFFA81F-0919-4AE7-BF4D-3A73325B7732}.Debug|x86.ActiveCfg = Debug|Any CPU
		{DFFFA81F-0919-4AE7-BF4D-3A73325B7732}.DVD-5|Any CPU.ActiveCfg = Debug|Any CPU
		{DFFFA81F-0919-4AE7-BF4D-3A73325B7732}.DVD-5|Any CPU.Build.0 = Debug|Any CPU
		{DFFFA81F-0919-4AE7-BF4D-3A73325B7732}.DVD-5|Mixed Platforms.ActiveCfg = Debug|Any CPU
		{DFFFA81F-0919-4AE7-BF4D-3A73325B7732}.DVD-5|Mixed Platforms.Build.0 = Debug|Any CPU
		{DFFFA81F-0919-4AE7-BF4D-3A73325B7732}.DVD-5|x86.ActiveCfg = Debug|Any CPU
		{DFFFA81F-0919-4AE7-BF4D-3A73325B7732}.Release|Any CPU.ActiveCfg = Release|Any CPU
		{DFFFA81F-0919-4AE7-BF4D-3A73325B7732}.Release|Any CPU.Build.0 = Release|Any CPU
		{DFFFA81F-0919-4AE7-BF4D-3A73325B7732}.Release|Mixed Platforms.ActiveCfg = Release|Any CPU
		{DFFFA81F-0919-4AE7-BF4D-3A73325B7732}.Release|Mixed Platforms.Build.0 = Release|Any CPU
		{DFFFA81F-0919-4AE7-BF4D-3A73325B7732}.Release|x86.ActiveCfg = Release|Any CPU
		{DFFFA81F-0919-4AE7-BF4D-3A73325B7732}.SingleImage|Any CPU.ActiveCfg = Release|Any CPU
		{DFFFA81F-0919-4AE7-BF4D-3A73325B7732}.SingleImage|Any CPU.Build.0 = Release|Any CPU
		{DFFFA81F-0919-4AE7-BF4D-3A73325B7732}.SingleImage|Mixed Platforms.ActiveCfg = Release|Any CPU
		{DFFFA81F-0919-4AE7-BF4D-3A73325B7732}.SingleImage|Mixed Platforms.Build.0 = Release|Any CPU
		{DFFFA81F-0919-4AE7-BF4D-3A73325B7732}.SingleImage|x86.ActiveCfg = Release|Any CPU
		{5BB7F228-F8C5-431F-95F9-2E908052C94F}.CD_ROM|Any CPU.ActiveCfg = Release
		{5BB7F228-F8C5-431F-95F9-2E908052C94F}.CD_ROM|Any CPU.Build.0 = Release
		{5BB7F228-F8C5-431F-95F9-2E908052C94F}.CD_ROM|Mixed Platforms.ActiveCfg = Release
		{5BB7F228-F8C5-431F-95F9-2E908052C94F}.CD_ROM|Mixed Platforms.Build.0 = Release
		{5BB7F228-F8C5-431F-95F9-2E908052C94F}.CD_ROM|x86.ActiveCfg = Release
		{5BB7F228-F8C5-431F-95F9-2E908052C94F}.CD_ROM|x86.Build.0 = Release
		{5BB7F228-F8C5-431F-95F9-2E908052C94F}.CodeAnalysisDebug|Any CPU.ActiveCfg = Debug
		{5BB7F228-F8C5-431F-95F9-2E908052C94F}.CodeAnalysisDebug|Any CPU.Build.0 = Debug
		{5BB7F228-F8C5-431F-95F9-2E908052C94F}.CodeAnalysisDebug|Mixed Platforms.ActiveCfg = Debug
		{5BB7F228-F8C5-431F-95F9-2E908052C94F}.CodeAnalysisDebug|Mixed Platforms.Build.0 = Debug
		{5BB7F228-F8C5-431F-95F9-2E908052C94F}.CodeAnalysisDebug|x86.ActiveCfg = Debug
		{5BB7F228-F8C5-431F-95F9-2E908052C94F}.CodeAnalysisDebug|x86.Build.0 = Debug
		{5BB7F228-F8C5-431F-95F9-2E908052C94F}.Debug|Any CPU.ActiveCfg = Debug
		{5BB7F228-F8C5-431F-95F9-2E908052C94F}.Debug|Any CPU.Build.0 = Debug
		{5BB7F228-F8C5-431F-95F9-2E908052C94F}.Debug|Mixed Platforms.ActiveCfg = Debug
		{5BB7F228-F8C5-431F-95F9-2E908052C94F}.Debug|Mixed Platforms.Build.0 = Debug
		{5BB7F228-F8C5-431F-95F9-2E908052C94F}.Debug|x86.ActiveCfg = Debug
		{5BB7F228-F8C5-431F-95F9-2E908052C94F}.Debug|x86.Build.0 = Debug
		{5BB7F228-F8C5-431F-95F9-2E908052C94F}.DVD-5|Any CPU.ActiveCfg = Debug
		{5BB7F228-F8C5-431F-95F9-2E908052C94F}.DVD-5|Any CPU.Build.0 = Debug
		{5BB7F228-F8C5-431F-95F9-2E908052C94F}.DVD-5|Mixed Platforms.ActiveCfg = Debug
		{5BB7F228-F8C5-431F-95F9-2E908052C94F}.DVD-5|Mixed Platforms.Build.0 = Debug
		{5BB7F228-F8C5-431F-95F9-2E908052C94F}.DVD-5|x86.ActiveCfg = Debug
		{5BB7F228-F8C5-431F-95F9-2E908052C94F}.DVD-5|x86.Build.0 = Debug
		{5BB7F228-F8C5-431F-95F9-2E908052C94F}.Release|Any CPU.ActiveCfg = Release
		{5BB7F228-F8C5-431F-95F9-2E908052C94F}.Release|Any CPU.Build.0 = Release
		{5BB7F228-F8C5-431F-95F9-2E908052C94F}.Release|Mixed Platforms.ActiveCfg = Release
		{5BB7F228-F8C5-431F-95F9-2E908052C94F}.Release|Mixed Platforms.Build.0 = Release
		{5BB7F228-F8C5-431F-95F9-2E908052C94F}.Release|x86.ActiveCfg = Release
		{5BB7F228-F8C5-431F-95F9-2E908052C94F}.Release|x86.Build.0 = Release
		{5BB7F228-F8C5-431F-95F9-2E908052C94F}.SingleImage|Any CPU.ActiveCfg = Release
		{5BB7F228-F8C5-431F-95F9-2E908052C94F}.SingleImage|Any CPU.Build.0 = Release
		{5BB7F228-F8C5-431F-95F9-2E908052C94F}.SingleImage|Mixed Platforms.ActiveCfg = Release
		{5BB7F228-F8C5-431F-95F9-2E908052C94F}.SingleImage|Mixed Platforms.Build.0 = Release
		{5BB7F228-F8C5-431F-95F9-2E908052C94F}.SingleImage|x86.ActiveCfg = Release
		{5BB7F228-F8C5-431F-95F9-2E908052C94F}.SingleImage|x86.Build.0 = Release
		{49758409-A93C-40A5-87D2-E8F72CD13F63}.CD_ROM|Any CPU.ActiveCfg = Release|Any CPU
		{49758409-A93C-40A5-87D2-E8F72CD13F63}.CD_ROM|Any CPU.Build.0 = Release|Any CPU
		{49758409-A93C-40A5-87D2-E8F72CD13F63}.CD_ROM|Mixed Platforms.ActiveCfg = Release|Any CPU
		{49758409-A93C-40A5-87D2-E8F72CD13F63}.CD_ROM|Mixed Platforms.Build.0 = Release|Any CPU
		{49758409-A93C-40A5-87D2-E8F72CD13F63}.CD_ROM|x86.ActiveCfg = Release|Any CPU
		{49758409-A93C-40A5-87D2-E8F72CD13F63}.CodeAnalysisDebug|Any CPU.ActiveCfg = Debug|Any CPU
		{49758409-A93C-40A5-87D2-E8F72CD13F63}.CodeAnalysisDebug|Any CPU.Build.0 = Debug|Any CPU
		{49758409-A93C-40A5-87D2-E8F72CD13F63}.CodeAnalysisDebug|Mixed Platforms.ActiveCfg = Debug|Any CPU
		{49758409-A93C-40A5-87D2-E8F72CD13F63}.CodeAnalysisDebug|Mixed Platforms.Build.0 = Debug|Any CPU
		{49758409-A93C-40A5-87D2-E8F72CD13F63}.CodeAnalysisDebug|x86.ActiveCfg = Debug|Any CPU
		{49758409-A93C-40A5-87D2-E8F72CD13F63}.Debug|Any CPU.ActiveCfg = Debug|Any CPU
		{49758409-A93C-40A5-87D2-E8F72CD13F63}.Debug|Any CPU.Build.0 = Debug|Any CPU
		{49758409-A93C-40A5-87D2-E8F72CD13F63}.Debug|Mixed Platforms.ActiveCfg = Debug|Any CPU
		{49758409-A93C-40A5-87D2-E8F72CD13F63}.Debug|Mixed Platforms.Build.0 = Debug|Any CPU
		{49758409-A93C-40A5-87D2-E8F72CD13F63}.Debug|x86.ActiveCfg = Debug|Any CPU
		{49758409-A93C-40A5-87D2-E8F72CD13F63}.DVD-5|Any CPU.ActiveCfg = Debug|Any CPU
		{49758409-A93C-40A5-87D2-E8F72CD13F63}.DVD-5|Any CPU.Build.0 = Debug|Any CPU
		{49758409-A93C-40A5-87D2-E8F72CD13F63}.DVD-5|Mixed Platforms.ActiveCfg = Debug|Any CPU
		{49758409-A93C-40A5-87D2-E8F72CD13F63}.DVD-5|Mixed Platforms.Build.0 = Debug|Any CPU
		{49758409-A93C-40A5-87D2-E8F72CD13F63}.DVD-5|x86.ActiveCfg = Debug|Any CPU
		{49758409-A93C-40A5-87D2-E8F72CD13F63}.Release|Any CPU.ActiveCfg = Release|Any CPU
		{49758409-A93C-40A5-87D2-E8F72CD13F63}.Release|Any CPU.Build.0 = Release|Any CPU
		{49758409-A93C-40A5-87D2-E8F72CD13F63}.Release|Mixed Platforms.ActiveCfg = Release|Any CPU
		{49758409-A93C-40A5-87D2-E8F72CD13F63}.Release|Mixed Platforms.Build.0 = Release|Any CPU
		{49758409-A93C-40A5-87D2-E8F72CD13F63}.Release|x86.ActiveCfg = Release|Any CPU
		{49758409-A93C-40A5-87D2-E8F72CD13F63}.SingleImage|Any CPU.ActiveCfg = Release|Any CPU
		{49758409-A93C-40A5-87D2-E8F72CD13F63}.SingleImage|Any CPU.Build.0 = Release|Any CPU
		{49758409-A93C-40A5-87D2-E8F72CD13F63}.SingleImage|Mixed Platforms.ActiveCfg = Release|Any CPU
		{49758409-A93C-40A5-87D2-E8F72CD13F63}.SingleImage|Mixed Platforms.Build.0 = Release|Any CPU
		{49758409-A93C-40A5-87D2-E8F72CD13F63}.SingleImage|x86.ActiveCfg = Release|Any CPU
		{7641E043-2B1C-43DE-ADB3-6C053EBAC5C6}.CD_ROM|Any CPU.ActiveCfg = Release|Any CPU
		{7641E043-2B1C-43DE-ADB3-6C053EBAC5C6}.CD_ROM|Any CPU.Build.0 = Release|Any CPU
		{7641E043-2B1C-43DE-ADB3-6C053EBAC5C6}.CD_ROM|Mixed Platforms.ActiveCfg = Release|Any CPU
		{7641E043-2B1C-43DE-ADB3-6C053EBAC5C6}.CD_ROM|Mixed Platforms.Build.0 = Release|Any CPU
		{7641E043-2B1C-43DE-ADB3-6C053EBAC5C6}.CD_ROM|x86.ActiveCfg = Release|Any CPU
		{7641E043-2B1C-43DE-ADB3-6C053EBAC5C6}.CodeAnalysisDebug|Any CPU.ActiveCfg = Debug|Any CPU
		{7641E043-2B1C-43DE-ADB3-6C053EBAC5C6}.CodeAnalysisDebug|Any CPU.Build.0 = Debug|Any CPU
		{7641E043-2B1C-43DE-ADB3-6C053EBAC5C6}.CodeAnalysisDebug|Mixed Platforms.ActiveCfg = Debug|Any CPU
		{7641E043-2B1C-43DE-ADB3-6C053EBAC5C6}.CodeAnalysisDebug|Mixed Platforms.Build.0 = Debug|Any CPU
		{7641E043-2B1C-43DE-ADB3-6C053EBAC5C6}.CodeAnalysisDebug|x86.ActiveCfg = Debug|Any CPU
		{7641E043-2B1C-43DE-ADB3-6C053EBAC5C6}.Debug|Any CPU.ActiveCfg = Debug|Any CPU
		{7641E043-2B1C-43DE-ADB3-6C053EBAC5C6}.Debug|Any CPU.Build.0 = Debug|Any CPU
		{7641E043-2B1C-43DE-ADB3-6C053EBAC5C6}.Debug|Mixed Platforms.ActiveCfg = Debug|Any CPU
		{7641E043-2B1C-43DE-ADB3-6C053EBAC5C6}.Debug|Mixed Platforms.Build.0 = Debug|Any CPU
		{7641E043-2B1C-43DE-ADB3-6C053EBAC5C6}.Debug|x86.ActiveCfg = Debug|Any CPU
		{7641E043-2B1C-43DE-ADB3-6C053EBAC5C6}.DVD-5|Any CPU.ActiveCfg = Debug|Any CPU
		{7641E043-2B1C-43DE-ADB3-6C053EBAC5C6}.DVD-5|Any CPU.Build.0 = Debug|Any CPU
		{7641E043-2B1C-43DE-ADB3-6C053EBAC5C6}.DVD-5|Mixed Platforms.ActiveCfg = Debug|Any CPU
		{7641E043-2B1C-43DE-ADB3-6C053EBAC5C6}.DVD-5|Mixed Platforms.Build.0 = Debug|Any CPU
		{7641E043-2B1C-43DE-ADB3-6C053EBAC5C6}.DVD-5|x86.ActiveCfg = Debug|Any CPU
		{7641E043-2B1C-43DE-ADB3-6C053EBAC5C6}.Release|Any CPU.ActiveCfg = Release|Any CPU
		{7641E043-2B1C-43DE-ADB3-6C053EBAC5C6}.Release|Any CPU.Build.0 = Release|Any CPU
		{7641E043-2B1C-43DE-ADB3-6C053EBAC5C6}.Release|Mixed Platforms.ActiveCfg = Release|Any CPU
		{7641E043-2B1C-43DE-ADB3-6C053EBAC5C6}.Release|Mixed Platforms.Build.0 = Release|Any CPU
		{7641E043-2B1C-43DE-ADB3-6C053EBAC5C6}.Release|x86.ActiveCfg = Release|Any CPU
		{7641E043-2B1C-43DE-ADB3-6C053EBAC5C6}.SingleImage|Any CPU.ActiveCfg = Release|Any CPU
		{7641E043-2B1C-43DE-ADB3-6C053EBAC5C6}.SingleImage|Any CPU.Build.0 = Release|Any CPU
		{7641E043-2B1C-43DE-ADB3-6C053EBAC5C6}.SingleImage|Mixed Platforms.ActiveCfg = Release|Any CPU
		{7641E043-2B1C-43DE-ADB3-6C053EBAC5C6}.SingleImage|Mixed Platforms.Build.0 = Release|Any CPU
		{7641E043-2B1C-43DE-ADB3-6C053EBAC5C6}.SingleImage|x86.ActiveCfg = Release|Any CPU
		{024DC2A7-BBFF-4B2C-8995-0081D0E4CB4F}.CD_ROM|Any CPU.ActiveCfg = Release|Any CPU
		{024DC2A7-BBFF-4B2C-8995-0081D0E4CB4F}.CD_ROM|Any CPU.Build.0 = Release|Any CPU
		{024DC2A7-BBFF-4B2C-8995-0081D0E4CB4F}.CD_ROM|Mixed Platforms.ActiveCfg = Release|Any CPU
		{024DC2A7-BBFF-4B2C-8995-0081D0E4CB4F}.CD_ROM|Mixed Platforms.Build.0 = Release|Any CPU
		{024DC2A7-BBFF-4B2C-8995-0081D0E4CB4F}.CD_ROM|x86.ActiveCfg = Release|Any CPU
		{024DC2A7-BBFF-4B2C-8995-0081D0E4CB4F}.CodeAnalysisDebug|Any CPU.ActiveCfg = Debug|Any CPU
		{024DC2A7-BBFF-4B2C-8995-0081D0E4CB4F}.CodeAnalysisDebug|Any CPU.Build.0 = Debug|Any CPU
		{024DC2A7-BBFF-4B2C-8995-0081D0E4CB4F}.CodeAnalysisDebug|Mixed Platforms.ActiveCfg = Debug|Any CPU
		{024DC2A7-BBFF-4B2C-8995-0081D0E4CB4F}.CodeAnalysisDebug|Mixed Platforms.Build.0 = Debug|Any CPU
		{024DC2A7-BBFF-4B2C-8995-0081D0E4CB4F}.CodeAnalysisDebug|x86.ActiveCfg = Debug|Any CPU
		{024DC2A7-BBFF-4B2C-8995-0081D0E4CB4F}.Debug|Any CPU.ActiveCfg = Debug|Any CPU
		{024DC2A7-BBFF-4B2C-8995-0081D0E4CB4F}.Debug|Any CPU.Build.0 = Debug|Any CPU
		{024DC2A7-BBFF-4B2C-8995-0081D0E4CB4F}.Debug|Mixed Platforms.ActiveCfg = Debug|Any CPU
		{024DC2A7-BBFF-4B2C-8995-0081D0E4CB4F}.Debug|Mixed Platforms.Build.0 = Debug|Any CPU
		{024DC2A7-BBFF-4B2C-8995-0081D0E4CB4F}.Debug|x86.ActiveCfg = Debug|Any CPU
		{024DC2A7-BBFF-4B2C-8995-0081D0E4CB4F}.DVD-5|Any CPU.ActiveCfg = Debug|Any CPU
		{024DC2A7-BBFF-4B2C-8995-0081D0E4CB4F}.DVD-5|Any CPU.Build.0 = Debug|Any CPU
		{024DC2A7-BBFF-4B2C-8995-0081D0E4CB4F}.DVD-5|Mixed Platforms.ActiveCfg = Debug|Any CPU
		{024DC2A7-BBFF-4B2C-8995-0081D0E4CB4F}.DVD-5|Mixed Platforms.Build.0 = Debug|Any CPU
		{024DC2A7-BBFF-4B2C-8995-0081D0E4CB4F}.DVD-5|x86.ActiveCfg = Debug|Any CPU
		{024DC2A7-BBFF-4B2C-8995-0081D0E4CB4F}.Release|Any CPU.ActiveCfg = Release|Any CPU
		{024DC2A7-BBFF-4B2C-8995-0081D0E4CB4F}.Release|Any CPU.Build.0 = Release|Any CPU
		{024DC2A7-BBFF-4B2C-8995-0081D0E4CB4F}.Release|Mixed Platforms.ActiveCfg = Release|Any CPU
		{024DC2A7-BBFF-4B2C-8995-0081D0E4CB4F}.Release|Mixed Platforms.Build.0 = Release|Any CPU
		{024DC2A7-BBFF-4B2C-8995-0081D0E4CB4F}.Release|x86.ActiveCfg = Release|Any CPU
		{024DC2A7-BBFF-4B2C-8995-0081D0E4CB4F}.SingleImage|Any CPU.ActiveCfg = Release|Any CPU
		{024DC2A7-BBFF-4B2C-8995-0081D0E4CB4F}.SingleImage|Any CPU.Build.0 = Release|Any CPU
		{024DC2A7-BBFF-4B2C-8995-0081D0E4CB4F}.SingleImage|Mixed Platforms.ActiveCfg = Release|Any CPU
		{024DC2A7-BBFF-4B2C-8995-0081D0E4CB4F}.SingleImage|Mixed Platforms.Build.0 = Release|Any CPU
		{024DC2A7-BBFF-4B2C-8995-0081D0E4CB4F}.SingleImage|x86.ActiveCfg = Release|Any CPU
	EndGlobalSection
	GlobalSection(SolutionProperties) = preSolution
		HideSolutionNode = FALSE
	EndGlobalSection
EndGlobal
